// !$*UTF8*$!
{
	archiveVersion = 1;
	classes = {
	};
	objectVersion = 50;
	objects = {

/* Begin PBXBuildFile section */
		53E1E91920F7D77E00A6C5EA /* AppDelegate.swift in Sources */ = {isa = PBXBuildFile; fileRef = 53E1E91820F7D77E00A6C5EA /* AppDelegate.swift */; };
		53E1E91B20F7D77E00A6C5EA /* ViewController.swift in Sources */ = {isa = PBXBuildFile; fileRef = 53E1E91A20F7D77E00A6C5EA /* ViewController.swift */; };
		53E1E91E20F7D77E00A6C5EA /* Main.storyboard in Resources */ = {isa = PBXBuildFile; fileRef = 53E1E91C20F7D77E00A6C5EA /* Main.storyboard */; };
		53E1E92020F7D78000A6C5EA /* Assets.xcassets in Resources */ = {isa = PBXBuildFile; fileRef = 53E1E91F20F7D78000A6C5EA /* Assets.xcassets */; };
		53E1E92320F7D78000A6C5EA /* LaunchScreen.storyboard in Resources */ = {isa = PBXBuildFile; fileRef = 53E1E92120F7D78000A6C5EA /* LaunchScreen.storyboard */; };
		53E1E92D20F7E36E00A6C5EA /* CustomTableViewCell.swift in Sources */ = {isa = PBXBuildFile; fileRef = 53E1E92B20F7E36E00A6C5EA /* CustomTableViewCell.swift */; };
		53E1E92E20F7E36E00A6C5EA /* CustomTableViewCell.xib in Resources */ = {isa = PBXBuildFile; fileRef = 53E1E92C20F7E36E00A6C5EA /* CustomTableViewCell.xib */; };
/* End PBXBuildFile section */

/* Begin PBXFileReference section */
		53E1E91520F7D77E00A6C5EA /* CustomCell.app */ = {isa = PBXFileReference; explicitFileType = wrapper.application; includeInIndex = 0; path = CustomCell.app; sourceTree = BUILT_PRODUCTS_DIR; };
		53E1E91820F7D77E00A6C5EA /* AppDelegate.swift */ = {isa = PBXFileReference; lastKnownFileType = sourcecode.swift; path = AppDelegate.swift; sourceTree = "<group>"; };
		53E1E91A20F7D77E00A6C5EA /* ViewController.swift */ = {isa = PBXFileReference; lastKnownFileType = sourcecode.swift; path = ViewController.swift; sourceTree = "<group>"; };
		53E1E91D20F7D77E00A6C5EA /* Base */ = {isa = PBXFileReference; lastKnownFileType = file.storyboard; name = Base; path = Base.lproj/Main.storyboard; sourceTree = "<group>"; };
		53E1E91F20F7D78000A6C5EA /* Assets.xcassets */ = {isa = PBXFileReference; lastKnownFileType = folder.assetcatalog; path = Assets.xcassets; sourceTree = "<group>"; };
		53E1E92220F7D78000A6C5EA /* Base */ = {isa = PBXFileReference; lastKnownFileType = file.storyboard; name = Base; path = Base.lproj/LaunchScreen.storyboard; sourceTree = "<group>"; };
		53E1E92420F7D78000A6C5EA /* Info.plist */ = {isa = PBXFileReference; lastKnownFileType = text.plist.xml; path = Info.plist; sourceTree = "<group>"; };
		53E1E92B20F7E36E00A6C5EA /* CustomTableViewCell.swift */ = {isa = PBXFileReference; lastKnownFileType = sourcecode.swift; path = CustomTableViewCell.swift; sourceTree = "<group>"; };
		53E1E92C20F7E36E00A6C5EA /* CustomTableViewCell.xib */ = {isa = PBXFileReference; lastKnownFileType = file.xib; path = CustomTableViewCell.xib; sourceTree = "<group>"; };
/* End PBXFileReference section */

/* Begin PBXFrameworksBuildPhase section */
		53E1E91220F7D77E00A6C5EA /* Frameworks */ = {
			isa = PBXFrameworksBuildPhase;
			buildActionMask = 2147483647;
			files = (
			);
			runOnlyForDeploymentPostprocessing = 0;
		};
/* End PBXFrameworksBuildPhase section */

/* Begin PBXGroup section */
		53E1E90C20F7D77E00A6C5EA = {
			isa = PBXGroup;
			children = (
				53E1E91720F7D77E00A6C5EA /* CustomCell */,
				53E1E91620F7D77E00A6C5EA /* Products */,
			);
			sourceTree = "<group>";
		};
		53E1E91620F7D77E00A6C5EA /* Products */ = {
			isa = PBXGroup;
			children = (
				53E1E91520F7D77E00A6C5EA /* CustomCell.app */,
			);
			name = Products;
			sourceTree = "<group>";
		};
		53E1E91720F7D77E00A6C5EA /* CustomCell */ = {
			isa = PBXGroup;
			children = (
				53E1E92A20F7E35600A6C5EA /* Cell */,
				53E1E91820F7D77E00A6C5EA /* AppDelegate.swift */,
				53E1E91A20F7D77E00A6C5EA /* ViewController.swift */,
				53E1E91C20F7D77E00A6C5EA /* Main.storyboard */,
				53E1E91F20F7D78000A6C5EA /* Assets.xcassets */,
				53E1E92120F7D78000A6C5EA /* LaunchScreen.storyboard */,
				53E1E92420F7D78000A6C5EA /* Info.plist */,
			);
			path = CustomCell;
			sourceTree = "<group>";
		};
		53E1E92A20F7E35600A6C5EA /* Cell */ = {
			isa = PBXGroup;
			children = (
				53E1E92B20F7E36E00A6C5EA /* CustomTableViewCell.swift */,
				53E1E92C20F7E36E00A6C5EA /* CustomTableViewCell.xib */,
			);
			path = Cell;
			sourceTree = "<group>";
		};
/* End PBXGroup section */

/* Begin PBXNativeTarget section */
		53E1E91420F7D77E00A6C5EA /* CustomCell */ = {
			isa = PBXNativeTarget;
			buildConfigurationList = 53E1E92720F7D78000A6C5EA /* Build configuration list for PBXNativeTarget "CustomCell" */;
			buildPhases = (
				53E1E91120F7D77E00A6C5EA /* Sources */,
				53E1E91220F7D77E00A6C5EA /* Frameworks */,
				53E1E91320F7D77E00A6C5EA /* Resources */,
			);
			buildRules = (
			);
			dependencies = (
			);
			name = CustomCell;
			productName = CustomCell;
			productReference = 53E1E91520F7D77E00A6C5EA /* CustomCell.app */;
			productType = "com.apple.product-type.application";
		};
/* End PBXNativeTarget section */

/* Begin PBXProject section */
		53E1E90D20F7D77E00A6C5EA /* Project object */ = {
			isa = PBXProject;
			attributes = {
				LastSwiftUpdateCheck = 0940;
				LastUpgradeCheck = 0940;
				ORGANIZATIONNAME = "Amit Biswas";
				TargetAttributes = {
					53E1E91420F7D77E00A6C5EA = {
						CreatedOnToolsVersion = 9.4;
					};
				};
			};
			buildConfigurationList = 53E1E91020F7D77E00A6C5EA /* Build configuration list for PBXProject "CustomCell" */;
			compatibilityVersion = "Xcode 9.3";
			developmentRegion = en;
			hasScannedForEncodings = 0;
			knownRegions = (
				en,
				Base,
			);
			mainGroup = 53E1E90C20F7D77E00A6C5EA;
			productRefGroup = 53E1E91620F7D77E00A6C5EA /* Products */;
			projectDirPath = "";
			projectRoot = "";
			targets = (
				53E1E91420F7D77E00A6C5EA /* CustomCell */,
			);
		};
/* End PBXProject section */

/* Begin PBXResourcesBuildPhase section */
		53E1E91320F7D77E00A6C5EA /* Resources */ = {
			isa = PBXResourcesBuildPhase;
			buildActionMask = 2147483647;
			files = (
				53E1E92320F7D78000A6C5EA /* LaunchScreen.storyboard in Resources */,
				53E1E92020F7D78000A6C5EA /* Assets.xcassets in Resources */,
				53E1E92E20F7E36E00A6C5EA /* CustomTableViewCell.xib in Resources */,
				53E1E91E20F7D77E00A6C5EA /* Main.storyboard in Resources */,
			);
			runOnlyForDeploymentPostprocessing = 0;
		};
/* End PBXResourcesBuildPhase section */

/* Begin PBXSourcesBuildPhase section */
		53E1E91120F7D77E00A6C5EA /* Sources */ = {
			isa = PBXSourcesBuildPhase;
			buildActionMask = 2147483647;
			files = (
				53E1E92D20F7E36E00A6C5EA /* CustomTableViewCell.swift in Sources */,
				53E1E91B20F7D77E00A6C5EA /* ViewController.swift in Sources */,
				53E1E91920F7D77E00A6C5EA /* AppDelegate.swift in Sources */,
			);
			runOnlyForDeploymentPostprocessing = 0;
		};
/* End PBXSourcesBuildPhase section */

/* Begin PBXVariantGroup section */
		53E1E91C20F7D77E00A6C5EA /* Main.storyboard */ = {
			isa = PBXVariantGroup;
			children = (
				53E1E91D20F7D77E00A6C5EA /* Base */,
			);
			name = Main.storyboard;
			sourceTree = "<group>";
		};
		53E1E92120F7D78000A6C5EA /* LaunchScreen.storyboard */ = {
			isa = PBXVariantGroup;
			children = (
				53E1E92220F7D78000A6C5EA /* Base */,
			);
			name = LaunchScreen.storyboard;
			sourceTree = "<group>";
		};
/* End PBXVariantGroup section */

/* Begin XCBuildConfiguration section */
		53E1E92520F7D78000A6C5EA /* Debug */ = {
			isa = XCBuildConfiguration;
			buildSettings = {
				ALWAYS_SEARCH_USER_PATHS = NO;
				CLANG_ANALYZER_NONNULL = YES;
				CLANG_ANALYZER_NUMBER_OBJECT_CONVERSION = YES_AGGRESSIVE;
				CLANG_CXX_LANGUAGE_STANDARD = "gnu++14";
				CLANG_CXX_LIBRARY = "libc++";
				CLANG_ENABLE_MODULES = YES;
				CLANG_ENABLE_OBJC_ARC = YES;
				CLANG_ENABLE_OBJC_WEAK = YES;
				CLANG_WARN_BLOCK_CAPTURE_AUTORELEASING = YES;
				CLANG_WARN_BOOL_CONVERSION = YES;
				CLANG_WARN_COMMA = YES;
				CLANG_WARN_CONSTANT_CONVERSION = YES;
				CLANG_WARN_DEPRECATED_OBJC_IMPLEMENTATIONS = YES;
				CLANG_WARN_DIRECT_OBJC_ISA_USAGE = YES_ERROR;
				CLANG_WARN_DOCUMENTATION_COMMENTS = YES;
				CLANG_WARN_EMPTY_BODY = YES;
				CLANG_WARN_ENUM_CONVERSION = YES;
				CLANG_WARN_INFINITE_RECURSION = YES;
				CLANG_WARN_INT_CONVERSION = YES;
				CLANG_WARN_NON_LITERAL_NULL_CONVERSION = YES;
				CLANG_WARN_OBJC_IMPLICIT_RETAIN_SELF = YES;
				CLANG_WARN_OBJC_LITERAL_CONVERSION = YES;
				CLANG_WARN_OBJC_ROOT_CLASS = YES_ERROR;
				CLANG_WARN_RANGE_LOOP_ANALYSIS = YES;
				CLANG_WARN_STRICT_PROTOTYPES = YES;
				CLANG_WARN_SUSPICIOUS_MOVE = YES;
				CLANG_WARN_UNGUARDED_AVAILABILITY = YES_AGGRESSIVE;
				CLANG_WARN_UNREACHABLE_CODE = YES;
				CLANG_WARN__DUPLICATE_METHOD_MATCH = YES;
				CODE_SIGN_IDENTITY = "iPhone Developer";
				COPY_PHASE_STRIP = NO;
				DEBUG_INFORMATION_FORMAT = dwarf;
				ENABLE_STRICT_OBJC_MSGSEND = YES;
				ENABLE_TESTABILITY = YES;
				GCC_C_LANGUAGE_STANDARD = gnu11;
				GCC_DYNAMIC_NO_PIC = NO;
				GCC_NO_COMMON_BLOCKS = YES;
				GCC_OPTIMIZATION_LEVEL = 0;
				GCC_PREPROCESSOR_DEFINITIONS = (
					"DEBUG=1",
					"$(inherited)",
				);
				GCC_WARN_64_TO_32_BIT_CONVERSION = YES;
				GCC_WARN_ABOUT_RETURN_TYPE = YES_ERROR;
				GCC_WARN_UNDECLARED_SELECTOR = YES;
				GCC_WARN_UNINITIALIZED_AUTOS = YES_AGGRESSIVE;
				GCC_WARN_UNUSED_FUNCTION = YES;
				GCC_WARN_UNUSED_VARIABLE = YES;
				IPHONEOS_DEPLOYMENT_TARGET = 11.4;
				MTL_ENABLE_DEBUG_INFO = YES;
				ONLY_ACTIVE_ARCH = YES;
				SDKROOT = iphoneos;
				SWIFT_ACTIVE_COMPILATION_CONDITIONS = DEBUG;
				SWIFT_OPTIMIZATION_LEVEL = "-Onone";
			};
			name = Debug;
		};
		53E1E92620F7D78000A6C5EA /* Release */ = {
			isa = XCBuildConfiguration;
			buildSettings = {
				ALWAYS_SEARCH_USER_PATHS = NO;
				CLANG_ANALYZER_NONNULL = YES;
				CLANG_ANALYZER_NUMBER_OBJECT_CONVERSION = YES_AGGRESSIVE;
				CLANG_CXX_LANGUAGE_STANDARD = "gnu++14";
				CLANG_CXX_LIBRARY = "libc++";
				CLANG_ENABLE_MODULES = YES;
				CLANG_ENABLE_OBJC_ARC = YES;
				CLANG_ENABLE_OBJC_WEAK = YES;
				CLANG_WARN_BLOCK_CAPTURE_AUTORELEASING = YES;
				CLANG_WARN_BOOL_CONVERSION = YES;
				CLANG_WARN_COMMA = YES;
				CLANG_WARN_CONSTANT_CONVERSION = YES;
				CLANG_WARN_DEPRECATED_OBJC_IMPLEMENTATIONS = YES;
				CLANG_WARN_DIRECT_OBJC_ISA_USAGE = YES_ERROR;
				CLANG_WARN_DOCUMENTATION_COMMENTS = YES;
				CLANG_WARN_EMPTY_BODY = YES;
				CLANG_WARN_ENUM_CONVERSION = YES;
				CLANG_WARN_INFINITE_RECURSION = YES;
				CLANG_WARN_INT_CONVERSION = YES;
				CLANG_WARN_NON_LITERAL_NULL_CONVERSION = YES;
				CLANG_WARN_OBJC_IMPLICIT_RETAIN_SELF = YES;
				CLANG_WARN_OBJC_LITERAL_CONVERSION = YES;
				CLANG_WARN_OBJC_ROOT_CLASS = YES_ERROR;
				CLANG_WARN_RANGE_LOOP_ANALYSIS = YES;
				CLANG_WARN_STRICT_PROTOTYPES = YES;
				CLANG_WARN_SUSPICIOUS_MOVE = YES;
				CLANG_WARN_UNGUARDED_AVAILABILITY = YES_AGGRESSIVE;
				CLANG_WARN_UNREACHABLE_CODE = YES;
				CLANG_WARN__DUPLICATE_METHOD_MATCH = YES;
				CODE_SIGN_IDENTITY = "iPhone Developer";
				COPY_PHASE_STRIP = NO;
				DEBUG_INFORMATION_FORMAT = "dwarf-with-dsym";
				ENABLE_NS_ASSERTIONS = NO;
				ENABLE_STRICT_OBJC_MSGSEND = YES;
				GCC_C_LANGUAGE_STANDARD = gnu11;
				GCC_NO_COMMON_BLOCKS = YES;
				GCC_WARN_64_TO_32_BIT_CONVERSION = YES;
				GCC_WARN_ABOUT_RETURN_TYPE = YES_ERROR;
				GCC_WARN_UNDECLARED_SELECTOR = YES;
				GCC_WARN_UNINITIALIZED_AUTOS = YES_AGGRESSIVE;
				GCC_WARN_UNUSED_FUNCTION = YES;
				GCC_WARN_UNUSED_VARIABLE = YES;
				IPHONEOS_DEPLOYMENT_TARGET = 11.4;
				MTL_ENABLE_DEBUG_INFO = NO;
				SDKROOT = iphoneos;
				SWIFT_COMPILATION_MODE = wholemodule;
				SWIFT_OPTIMIZATION_LEVEL = "-O";
				VALIDATE_PRODUCT = YES;
			};
			name = Release;
		};
		53E1E92820F7D78000A6C5EA /* Debug */ = {
			isa = XCBuildConfiguration;
			buildSettings = {
				ASSETCATALOG_COMPILER_APPICON_NAME = AppIcon;
				CODE_SIGN_STYLE = Automatic;
				DEVELOPMENT_TEAM = S7PY4FGBSY;
				INFOPLIST_FILE = CustomCell/Info.plist;
				LD_RUNPATH_SEARCH_PATHS = (
					"$(inherited)",
					"@executable_path/Frameworks",
				);
				PRODUCT_BUNDLE_IDENTIFIER = co.amitbiswas.CustomCell;
				PRODUCT_NAME = "$(TARGET_NAME)";
				SWIFT_VERSION = 4.0;
				TARGETED_DEVICE_FAMILY = "1,2";
			};
			name = Debug;
		};
		53E1E92920F7D78000A6C5EA /* Release */ = {
			isa = XCBuildConfiguration;
			buildSettings = {
				ASSETCATALOG_COMPILER_APPICON_NAME = AppIcon;
				CODE_SIGN_STYLE = Automatic;
				DEVELOPMENT_TEAM = S7PY4FGBSY;
				INFOPLIST_FILE = CustomCell/Info.plist;
				LD_RUNPATH_SEARCH_PATHS = (
					"$(inherited)",
					"@executable_path/Frameworks",
				);
				PRODUCT_BUNDLE_IDENTIFIER = co.amitbiswas.CustomCell;
				PRODUCT_NAME = "$(TARGET_NAME)";
				SWIFT_VERSION = 4.0;
				TARGETED_DEVICE_FAMILY = "1,2";
			};
			name = Release;
		};
/* End XCBuildConfiguration section */

/* Begin XCConfigurationList section */
		53E1E91020F7D77E00A6C5EA /* Build configuration list for PBXProject "CustomCell" */ = {
			isa = XCConfigurationList;
			buildConfigurations = (
				53E1E92520F7D78000A6C5EA /* Debug */,
				53E1E92620F7D78000A6C5EA /* Release */,
			);
			defaultConfigurationIsVisible = 0;
			defaultConfigurationName = Release;
		};
		53E1E92720F7D78000A6C5EA /* Build configuration list for PBXNativeTarget "CustomCell" */ = {
			isa = XCConfigurationList;
			buildConfigurations = (
				53E1E92820F7D78000A6C5EA /* Debug */,
				53E1E92920F7D78000A6C5EA /* Release */,
			);
			defaultConfigurationIsVisible = 0;
			defaultConfigurationName = Release;
		};
/* End XCConfigurationList section */
	};
	rootObject = 53E1E90D20F7D77E00A6C5EA /* Project object */;
}
